
Microsoft Visual Studio Solution File, Format Version 12.00
# Visual Studio Version 17
VisualStudioVersion = 17.14.36414.22 d17.14
MinimumVisualStudioVersion = 10.0.40219.1
Project("{FAE04EC0-301F-11D3-BF4B-00C04F79EFBC}") = "BlazorWebAppMovies", "BlazorWebAppMovies.csproj", "{9D2D77F7-4E2A-4CCC-80BB-A1D71DC0E31F}"
EndProject
Global
	GlobalSection(SolutionConfigurationPlatforms) = preSolution
		Debug|Any CPU = Debug|Any CPU
		Release|Any CPU = Release|Any CPU
	EndGlobalSection
	GlobalSection(ProjectConfigurationPlatforms) = postSolution
		{9D2D77F7-4E2A-4CCC-80BB-A1D71DC0E31F}.Debug|Any CPU.ActiveCfg = Debug|Any CPU
		{9D2D77F7-4E2A-4CCC-80BB-A1D71DC0E31F}.Debug|Any CPU.Build.0 = Debug|Any CPU
		{9D2D77F7-4E2A-4CCC-80BB-A1D71DC0E31F}.Release|Any CPU.ActiveCfg = Release|Any CPU
		{9D2D77F7-4E2A-4CCC-80BB-A1D71DC0E31F}.Release|Any CPU.Build.0 = Release|Any CPU
	EndGlobalSection
	GlobalSection(SolutionProperties) = preSolution
		HideSolutionNode = FALSE
	EndGlobalSection
	GlobalSection(ExtensibilityGlobals) = postSolution
		SolutionGuid = {FB7BBCF7-1A9A-4954-BD40-55BFAB27B4BE}
	EndGlobalSection
EndGlobal
